<?xml version="1.0" encoding="utf-8"?>
<Project ToolsVersion="4.0" xmlns="http://schemas.microsoft.com/developer/msbuild/2003">
  <ItemGroup>
    <ClCompile Include="action.c">
      <Filter>Source Files</Filter>
    </ClCompile>
    <ClCompile Include="alloc_free.c">
      <Filter>Source Files</Filter>
    </ClCompile>
    <ClCompile Include="bloc.c">
      <Filter>Source Files</Filter>
    </ClCompile>
    <ClCompile Include="bouton.c">
      <Filter>Source Files</Filter>
    </ClCompile>
    <ClCompile Include="browser.c">
      <Filter>Source Files</Filter>
    </ClCompile>
    <ClCompile Include="checkpoint.c">
      <Filter>Source Files</Filter>
    </ClCompile>
    <ClCompile Include="collision_system.c">
      <Filter>Source Files</Filter>
    </ClCompile>
    <ClCompile Include="editeur.c">
      <Filter>Source Files</Filter>
    </ClCompile>
    <ClCompile Include="editeur_action.c">
      <Filter>Source Files</Filter>
    </ClCompile>
    <ClCompile Include="group_box.c">
      <Filter>Source Files</Filter>
    </ClCompile>
    <ClCompile Include="items.c">
      <Filter>Source Files</Filter>
    </ClCompile>
    <ClCompile Include="keystate.c">
      <Filter>Source Files</Filter>
    </ClCompile>
    <ClCompile Include="main.c">
      <Filter>Source Files</Filter>
    </ClCompile>
    <ClCompile Include="menus.c">
      <Filter>Source Files</Filter>
    </ClCompile>
    <ClCompile Include="monstre.c">
      <Filter>Source Files</Filter>
    </ClCompile>
    <ClCompile Include="my_dirent.c">
      <Filter>Source Files</Filter>
    </ClCompile>
    <ClCompile Include="niveau.c">
      <Filter>Source Files</Filter>
    </ClCompile>
    <ClCompile Include="particules.c">
      <Filter>Source Files</Filter>
    </ClCompile>
    <ClCompile Include="perso.c">
      <Filter>Source Files</Filter>
    </ClCompile>
    <ClCompile Include="projectile.c">
      <Filter>Source Files</Filter>
    </ClCompile>
    <ClCompile Include="texture.c">
      <Filter>Source Files</Filter>
    </ClCompile>
    <ClCompile Include="sound.c">
      <Filter>Source Files</Filter>
    </ClCompile>
    <ClCompile Include="sprite.c">
      <Filter>Source Files</Filter>
    </ClCompile>
    <ClCompile Include="texte.c">
      <Filter>Source Files</Filter>
    </ClCompile>
    <ClCompile Include="tuyau.c">
      <Filter>Source Files</Filter>
    </ClCompile>
    <ClCompile Include="vectors.c">
      <Filter>Source Files</Filter>
    </ClCompile>
    <ClCompile Include="world.c">
      <Filter>Source Files</Filter>
    </ClCompile>
  </ItemGroup>
  <ItemGroup>
    <ClInclude Include="action.h">
      <Filter>Header Files</Filter>
    </ClInclude>
    <ClInclude Include="alloc_free.h">
      <Filter>Header Files</Filter>
    </ClInclude>
    <ClInclude Include="bloc.h">
      <Filter>Header Files</Filter>
    </ClInclude>
    <ClInclude Include="bouton.h">
      <Filter>Header Files</Filter>
    </ClInclude>
    <ClInclude Include="browser.h">
      <Filter>Header Files</Filter>
    </ClInclude>
    <ClInclude Include="checkpoint.h">
      <Filter>Header Files</Filter>
    </ClInclude>
    <ClInclude Include="collision_system.h">
      <Filter>Header Files</Filter>
    </ClInclude>
    <ClInclude Include="constantes.h">
      <Filter>Header Files</Filter>
    </ClInclude>
    <ClInclude Include="editeur.h">
      <Filter>Header Files</Filter>
    </ClInclude>
    <ClInclude Include="group_box.h">
      <Filter>Header Files</Filter>
    </ClInclude>
    <ClInclude Include="items.h">
      <Filter>Header Files</Filter>
    </ClInclude>
    <ClInclude Include="keystate.h">
      <Filter>Header Files</Filter>
    </ClInclude>
    <ClInclude Include="monstre.h">
      <Filter>Header Files</Filter>
    </ClInclude>
    <ClInclude Include="niveau.h">
      <Filter>Header Files</Filter>
    </ClInclude>
    <ClInclude Include="menus.h">
      <Filter>Header Files</Filter>
    </ClInclude>
    <ClInclude Include="my_dirent.h">
      <Filter>Header Files</Filter>
    </ClInclude>
    <ClInclude Include="particules.h">
      <Filter>Header Files</Filter>
    </ClInclude>
    <ClInclude Include="perso.h">
      <Filter>Header Files</Filter>
    </ClInclude>
    <ClInclude Include="projectile.h">
      <Filter>Header Files</Filter>
    </ClInclude>
    <ClInclude Include="resource.h">
      <Filter>Header Files</Filter>
    </ClInclude>
    <ClInclude Include="sound.h">
      <Filter>Header Files</Filter>
    </ClInclude>
    <ClInclude Include="sprite.h">
      <Filter>Header Files</Filter>
    </ClInclude>
    <ClInclude Include="texte.h">
      <Filter>Header Files</Filter>
    </ClInclude>
    <ClInclude Include="texte_interface.h">
      <Filter>Header Files</Filter>
    </ClInclude>
    <ClInclude Include="texture.h">
      <Filter>Header Files</Filter>
    </ClInclude>
    <ClInclude Include="tuyau.h">
      <Filter>Header Files</Filter>
    </ClInclude>
    <ClInclude Include="world.h">
      <Filter>Header Files</Filter>
    </ClInclude>
    <ClInclude Include="vectors.h">
      <Filter>Header Files</Filter>
    </ClInclude>
  </ItemGroup>
  <ItemGroup>
    <None Include="textures\blocs\speciaux\incassables\[Q]\[Q].cfg">
      <Filter>Resource Files</Filter>
    </None>
    <None Include="textures\blocs\speciaux\cassables\cassables.cfg">
      <Filter>Resource Files</Filter>
    </None>
    <None Include="textures\blocs\classiques\classiques.cfg">
      <Filter>Resource Files</Filter>
    </None>
    <None Include="textures\blocs\speciaux\incassables\interaction\interaction.cfg">
      <Filter>Resource Files</Filter>
    </None>
    <None Include="level_design_log.txt">
      <Filter>Resource Files</Filter>
    </None>
    <None Include="smb.xml">
      <Filter>Resource Files</Filter>
    </None>
    <None Include="smb2.xml">
      <Filter>Resource Files</Filter>
    </None>
    <None Include="test_xml.xml">
      <Filter>Resource Files</Filter>
    </None>
    <None Include="to do list.txt">
      <Filter>Resource Files</Filter>
    </None>
    <None Include="world1.wld">
      <Filter>Resource Files</Filter>
    </None>
    <None Include="smb3.xml">
      <Filter>Resource Files</Filter>
    </None>
    <None Include="textures\persos\fire_mario.perso">
      <Filter>Resource Files</Filter>
    </None>
    <None Include="textures\persos\super_mario.perso">
      <Filter>Resource Files</Filter>
    </None>
    <None Include="textures\monstres\red_koopa.mstr">
      <Filter>Resource Files</Filter>
    </None>
    <None Include="textures\monstres\red_koopa.png">
      <Filter>Resource Files</Filter>
    </None>
    <None Include="textures\backgrounds\firs.png">
      <Filter>Resource Files</Filter>
    </None>
    <None Include="textures\backgrounds\night_sky.png">
      <Filter>Resource Files</Filter>
    </None>
    <None Include="textures\backgrounds\mountains.png">
      <Filter>Resource Files</Filter>
    </None>
    <None Include="textures\blocs\classiques\snow.png">
      <Filter>Resource Files</Filter>
    </None>
    <None Include="textures\blocs\speciaux\incassables\interaction\blue_plant.png">
      <Filter>Resource Files</Filter>
    </None>
  </ItemGroup>
  <ItemGroup>
    <Filter Include="Source Files">
      <UniqueIdentifier>{436cc685-d869-4cb5-8a89-6aefb8c76c58}</UniqueIdentifier>
    </Filter>
    <Filter Include="Header Files">
      <UniqueIdentifier>{6f9b3042-c75d-490b-b0ce-d99347db7972}</UniqueIdentifier>
    </Filter>
    <Filter Include="Resource Files">
      <UniqueIdentifier>{2dbfa226-2f76-4c77-b627-80804a0bc618}</UniqueIdentifier>
    </Filter>
  </ItemGroup>
  <ItemGroup>
    <ResourceCompile Include="ressources.rc">
      <Filter>Resource Files</Filter>
    </ResourceCompile>
  </ItemGroup>
</Project>