<?xml version="1.0" encoding="utf-8"?>
<Project ToolsVersion="4.0" xmlns="http://schemas.microsoft.com/developer/msbuild/2003">
  <ItemGroup>
    <Filter Include="Fichiers sources">
      <UniqueIdentifier>{4FC737F1-C7A5-4376-A066-2A32D752A2FF}</UniqueIdentifier>
      <Extensions>cpp;c;cc;cxx;def;odl;idl;hpj;bat;asm;asmx</Extensions>
    </Filter>
    <Filter Include="Fichiers d%27en-tête">
      <UniqueIdentifier>{93995380-89BD-4b04-88EB-625FBE52EBFB}</UniqueIdentifier>
      <Extensions>h;hpp;hxx;hm;inl;inc;xsd</Extensions>
    </Filter>
    <Filter Include="Fichiers de ressources">
      <UniqueIdentifier>{67DA6AB6-F800-4c08-8B7A-83BB121AAD01}</UniqueIdentifier>
      <Extensions>rc;ico;cur;bmp;dlg;rc2;rct;bin;rgs;gif;jpg;jpeg;jpe;resx;tiff;tif;png;wav</Extensions>
    </Filter>
  </ItemGroup>
  <ItemGroup>
    <ClCompile Include="action.c">
      <Filter>Fichiers sources</Filter>
    </ClCompile>
    <ClCompile Include="alloc_free.c">
      <Filter>Fichiers sources</Filter>
    </ClCompile>
    <ClCompile Include="bouton.c">
      <Filter>Fichiers sources</Filter>
    </ClCompile>
    <ClCompile Include="browser.c">
      <Filter>Fichiers sources</Filter>
    </ClCompile>
    <ClCompile Include="collision_system.c">
      <Filter>Fichiers sources</Filter>
    </ClCompile>
    <ClCompile Include="editeur.c">
      <Filter>Fichiers sources</Filter>
    </ClCompile>
    <ClCompile Include="editeur_action.c">
      <Filter>Fichiers sources</Filter>
    </ClCompile>
    <ClCompile Include="group_box.c">
      <Filter>Fichiers sources</Filter>
    </ClCompile>
    <ClCompile Include="items.c">
      <Filter>Fichiers sources</Filter>
    </ClCompile>
    <ClCompile Include="keystate.c">
      <Filter>Fichiers sources</Filter>
    </ClCompile>
    <ClCompile Include="main.c">
      <Filter>Fichiers sources</Filter>
    </ClCompile>
    <ClCompile Include="menus.c">
      <Filter>Fichiers sources</Filter>
    </ClCompile>
    <ClCompile Include="monstre.c">
      <Filter>Fichiers sources</Filter>
    </ClCompile>
    <ClCompile Include="my_dirent.c">
      <Filter>Fichiers sources</Filter>
    </ClCompile>
    <ClCompile Include="niveau.c">
      <Filter>Fichiers sources</Filter>
    </ClCompile>
    <ClCompile Include="perso.c">
      <Filter>Fichiers sources</Filter>
    </ClCompile>
    <ClCompile Include="projectile.c">
      <Filter>Fichiers sources</Filter>
    </ClCompile>
    <ClCompile Include="sound.c">
      <Filter>Fichiers sources</Filter>
    </ClCompile>
    <ClCompile Include="sprite.c">
      <Filter>Fichiers sources</Filter>
    </ClCompile>
    <ClCompile Include="texte.c">
      <Filter>Fichiers sources</Filter>
    </ClCompile>
    <ClCompile Include="texture.c">
      <Filter>Fichiers sources</Filter>
    </ClCompile>
    <ClCompile Include="tuyau.c">
      <Filter>Fichiers sources</Filter>
    </ClCompile>
    <ClCompile Include="vectors.c">
      <Filter>Fichiers sources</Filter>
    </ClCompile>
    <ClCompile Include="world.c">
      <Filter>Fichiers sources</Filter>
    </ClCompile>
    <ClCompile Include="particules.c">
      <Filter>Fichiers sources</Filter>
    </ClCompile>
    <ClCompile Include="bloc.c">
      <Filter>Fichiers sources</Filter>
    </ClCompile>
    <ClCompile Include="checkpoint.c">
      <Filter>Fichiers sources</Filter>
    </ClCompile>
  </ItemGroup>
  <ItemGroup>
    <ClInclude Include="action.h">
      <Filter>Fichiers d%27en-tête</Filter>
    </ClInclude>
    <ClInclude Include="alloc_free.h">
      <Filter>Fichiers d%27en-tête</Filter>
    </ClInclude>
    <ClInclude Include="bouton.h">
      <Filter>Fichiers d%27en-tête</Filter>
    </ClInclude>
    <ClInclude Include="browser.h">
      <Filter>Fichiers d%27en-tête</Filter>
    </ClInclude>
    <ClInclude Include="collision_system.h">
      <Filter>Fichiers d%27en-tête</Filter>
    </ClInclude>
    <ClInclude Include="constantes.h">
      <Filter>Fichiers d%27en-tête</Filter>
    </ClInclude>
    <ClInclude Include="editeur.h">
      <Filter>Fichiers d%27en-tête</Filter>
    </ClInclude>
    <ClInclude Include="group_box.h">
      <Filter>Fichiers d%27en-tête</Filter>
    </ClInclude>
    <ClInclude Include="items.h">
      <Filter>Fichiers d%27en-tête</Filter>
    </ClInclude>
    <ClInclude Include="keystate.h">
      <Filter>Fichiers d%27en-tête</Filter>
    </ClInclude>
    <ClInclude Include="menus.h">
      <Filter>Fichiers d%27en-tête</Filter>
    </ClInclude>
    <ClInclude Include="monstre.h">
      <Filter>Fichiers d%27en-tête</Filter>
    </ClInclude>
    <ClInclude Include="my_dirent.h">
      <Filter>Fichiers d%27en-tête</Filter>
    </ClInclude>
    <ClInclude Include="niveau.h">
      <Filter>Fichiers d%27en-tête</Filter>
    </ClInclude>
    <ClInclude Include="perso.h">
      <Filter>Fichiers d%27en-tête</Filter>
    </ClInclude>
    <ClInclude Include="projectile.h">
      <Filter>Fichiers d%27en-tête</Filter>
    </ClInclude>
    <ClInclude Include="sound.h">
      <Filter>Fichiers d%27en-tête</Filter>
    </ClInclude>
    <ClInclude Include="sprite.h">
      <Filter>Fichiers d%27en-tête</Filter>
    </ClInclude>
    <ClInclude Include="texte.h">
      <Filter>Fichiers d%27en-tête</Filter>
    </ClInclude>
    <ClInclude Include="texte_interface.h">
      <Filter>Fichiers d%27en-tête</Filter>
    </ClInclude>
    <ClInclude Include="texture.h">
      <Filter>Fichiers d%27en-tête</Filter>
    </ClInclude>
    <ClInclude Include="tuyau.h">
      <Filter>Fichiers d%27en-tête</Filter>
    </ClInclude>
    <ClInclude Include="vectors.h">
      <Filter>Fichiers d%27en-tête</Filter>
    </ClInclude>
    <ClInclude Include="world.h">
      <Filter>Fichiers d%27en-tête</Filter>
    </ClInclude>
    <ClInclude Include="particules.h">
      <Filter>Fichiers d%27en-tête</Filter>
    </ClInclude>
    <ClInclude Include="bloc.h">
      <Filter>Fichiers d%27en-tête</Filter>
    </ClInclude>
    <ClInclude Include="checkpoint.h">
      <Filter>Fichiers d%27en-tête</Filter>
    </ClInclude>
    <ClInclude Include="resource.h">
      <Filter>Fichiers d%27en-tête</Filter>
    </ClInclude>
  </ItemGroup>
  <ItemGroup>
    <ResourceCompile Include="ressources.rc">
      <Filter>Fichiers de ressources</Filter>
    </ResourceCompile>
  </ItemGroup>
  <ItemGroup>
    <None Include="level_design_log.txt">
      <Filter>Fichiers de ressources</Filter>
    </None>
    <None Include="to do list.txt">
      <Filter>Fichiers de ressources</Filter>
    </None>
    <None Include="textures\blocs\classiques\classiques.cfg">
      <Filter>Fichiers de ressources</Filter>
    </None>
    <None Include="textures\blocs\speciaux\cassables\cassables.cfg">
      <Filter>Fichiers de ressources</Filter>
    </None>
    <None Include="textures\blocs\speciaux\incassables\[Q]\[Q].cfg">
      <Filter>Fichiers de ressources</Filter>
    </None>
    <None Include="test_xml.xml">
      <Filter>Fichiers de ressources</Filter>
    </None>
  </ItemGroup>
</Project>